<?xml version="1.0" encoding="utf-8"?>
<Project ToolsVersion="4.0" xmlns="http://schemas.microsoft.com/developer/msbuild/2003">
  <ItemGroup>
    <Filter Include="Source Files">
      <UniqueIdentifier>{4FC737F1-C7A5-4376-A066-2A32D752A2FF}</UniqueIdentifier>
      <Extensions>cpp;c;cc;cxx;c++;cppm;ixx;def;odl;idl;hpj;bat;asm;asmx</Extensions>
    </Filter>
    <Filter Include="Header Files">
      <UniqueIdentifier>{93995380-89BD-4b04-88EB-625FBE52EBFB}</UniqueIdentifier>
      <Extensions>h;hh;hpp;hxx;h++;hm;inl;inc;ipp;xsd</Extensions>
    </Filter>
    <Filter Include="Resource Files">
      <UniqueIdentifier>{67DA6AB6-F800-4c08-8B7A-83BB121AAD01}</UniqueIdentifier>
      <Extensions>rc;ico;cur;bmp;dlg;rc2;rct;bin;rgs;gif;jpg;jpeg;jpe;resx;tiff;tif;png;wav;mfcribbon-ms</Extensions>
    </Filter>
  </ItemGroup>
  <ItemGroup>
    <ClCompile Include="dllmain.cpp">
      <Filter>Source Files</Filter>
    </ClCompile>
    <ClCompile Include="Bullyware\Bullyware.cpp">
      <Filter>Source Files</Filter>
    </ClCompile>
    <ClCompile Include="Bullyware\Debug\Debug.cpp">
      <Filter>Source Files</Filter>
    </ClCompile>
    <ClCompile Include="Bullyware\Misc\Hooking.cpp">
      <Filter>Source Files</Filter>
    </ClCompile>
    <ClCompile Include="Bullyware\Misc\FindSignature.cpp">
      <Filter>Source Files</Filter>
    </ClCompile>
    <ClCompile Include="Bullyware\Hooks\Present.cpp">
      <Filter>Source Files</Filter>
    </ClCompile>
    <ClCompile Include="Bullyware\Hooks\Hooks.cpp">
      <Filter>Source Files</Filter>
    </ClCompile>
    <ClCompile Include="Bullyware\Render\D3DDevice.cpp">
      <Filter>Source Files</Filter>
    </ClCompile>
    <ClCompile Include="Dependencies\ImGui\imgui.cpp">
      <Filter>Source Files</Filter>
    </ClCompile>
    <ClCompile Include="Dependencies\ImGui\imgui_demo.cpp">
      <Filter>Source Files</Filter>
    </ClCompile>
    <ClCompile Include="Dependencies\ImGui\imgui_draw.cpp">
      <Filter>Source Files</Filter>
    </ClCompile>
    <ClCompile Include="Dependencies\ImGui\imgui_impl_dx9.cpp">
      <Filter>Source Files</Filter>
    </ClCompile>
    <ClCompile Include="Dependencies\ImGui\imgui_impl_win32.cpp">
      <Filter>Source Files</Filter>
    </ClCompile>
    <ClCompile Include="Dependencies\ImGui\imgui_tables.cpp">
      <Filter>Source Files</Filter>
    </ClCompile>
    <ClCompile Include="Dependencies\ImGui\imgui_widgets.cpp">
      <Filter>Source Files</Filter>
    </ClCompile>
    <ClCompile Include="Bullyware\Render\ImGuiImpl.cpp">
      <Filter>Source Files</Filter>
    </ClCompile>
    <ClCompile Include="Bullyware\Menu\Menu.cpp">
      <Filter>Source Files</Filter>
    </ClCompile>
    <ClCompile Include="Bullyware\Config\Settings.cpp">
      <Filter>Source Files</Filter>
    </ClCompile>
  </ItemGroup>
  <ItemGroup>
    <ClInclude Include="Bullyware\Bullyware.h">
      <Filter>Header Files</Filter>
    </ClInclude>
    <ClInclude Include="Bullyware\Debug\Debug.h">
      <Filter>Header Files</Filter>
    </ClInclude>
    <ClInclude Include="Bullyware\Utils.h">
      <Filter>Header Files</Filter>
    </ClInclude>
    <ClInclude Include="Bullyware\Hooks\Hooks.h">
      <Filter>Header Files</Filter>
    </ClInclude>
    <ClInclude Include="Bullyware\Hooking.h">
      <Filter>Header Files</Filter>
    </ClInclude>
    <ClInclude Include="Bullyware\Render\Drawing.h">
      <Filter>Header Files</Filter>
    </ClInclude>
    <ClInclude Include="Bullyware\SDK\IClientEntityList.h">
      <Filter>Header Files</Filter>
    </ClInclude>
    <ClInclude Include="Bullyware\SDK\C_Entity.h">
      <Filter>Header Files</Filter>
    </ClInclude>
    <ClInclude Include="Bullyware\SDK\Interfaces.h">
      <Filter>Header Files</Filter>
    </ClInclude>
    <ClInclude Include="Bullyware\SDK\Vector.h">
      <Filter>Header Files</Filter>
    </ClInclude>
    <ClInclude Include="Bullyware\SDK\IVDebugOverlay.h">
      <Filter>Header Files</Filter>
    </ClInclude>
    <ClInclude Include="Bullyware\SDK\IVEngineClient.h">
      <Filter>Header Files</Filter>
    </ClInclude>
    <ClInclude Include="Bullyware\SDK\matrix3x4.h">
      <Filter>Header Files</Filter>
    </ClInclude>
    <ClInclude Include="Bullyware\SDK\IClientRenderable.h">
      <Filter>Header Files</Filter>
    </ClInclude>
    <ClInclude Include="Bullyware\SDK\CGlobalVars.h">
      <Filter>Header Files</Filter>
    </ClInclude>
    <ClInclude Include="Bullyware\SDK\CCollisionProperties.h">
      <Filter>Header Files</Filter>
    </ClInclude>
    <ClInclude Include="Bullyware\Render\D3DDevice.h">
      <Filter>Header Files</Filter>
    </ClInclude>
    <ClInclude Include="Bullyware\Features\Visuals.h">
      <Filter>Header Files</Filter>
    </ClInclude>
    <ClInclude Include="Dependencies\ImGui\imconfig.h">
      <Filter>Header Files</Filter>
    </ClInclude>
    <ClInclude Include="Dependencies\ImGui\imgui.h">
      <Filter>Header Files</Filter>
    </ClInclude>
    <ClInclude Include="Dependencies\ImGui\imgui_impl_dx9.h">
      <Filter>Header Files</Filter>
    </ClInclude>
    <ClInclude Include="Dependencies\ImGui\imgui_impl_win32.h">
      <Filter>Header Files</Filter>
    </ClInclude>
    <ClInclude Include="Dependencies\ImGui\imgui_internal.h">
      <Filter>Header Files</Filter>
    </ClInclude>
    <ClInclude Include="Dependencies\ImGui\imstb_rectpack.h">
      <Filter>Header Files</Filter>
    </ClInclude>
    <ClInclude Include="Dependencies\ImGui\imstb_textedit.h">
      <Filter>Header Files</Filter>
    </ClInclude>
    <ClInclude Include="Dependencies\ImGui\imstb_truetype.h">
      <Filter>Header Files</Filter>
    </ClInclude>
    <ClInclude Include="Bullyware\Render\ImGui.h">
      <Filter>Header Files</Filter>
    </ClInclude>
    <ClInclude Include="Bullyware\Menu\Menu.h">
      <Filter>Header Files</Filter>
    </ClInclude>
    <ClInclude Include="Bullyware\Menu\Textures.h">
      <Filter>Header Files</Filter>
    </ClInclude>
    <ClInclude Include="Bullyware\Menu\GUI.h">
      <Filter>Header Files</Filter>
    </ClInclude>
    <ClInclude Include="Bullyware\Menu\Verdana.h">
      <Filter>Header Files</Filter>
    </ClInclude>
    <ClInclude Include="Bullyware\Config\Settings.h">
      <Filter>Header Files</Filter>
    </ClInclude>
  </ItemGroup>
</Project>